// !$*UTF8*$!
{
	archiveVersion = 1;
	classes = {
	};
	objectVersion = 50;
	objects = {

/* Begin PBXBuildFile section */
		AB668C2B244B781600FF325D /* AppDelegate.swift in Sources */ = {isa = PBXBuildFile; fileRef = AB668C2A244B781600FF325D /* AppDelegate.swift */; };
		AB668C2D244B781600FF325D /* SceneDelegate.swift in Sources */ = {isa = PBXBuildFile; fileRef = AB668C2C244B781600FF325D /* SceneDelegate.swift */; };
		AB668C2F244B781600FF325D /* ContentView.swift in Sources */ = {isa = PBXBuildFile; fileRef = AB668C2E244B781600FF325D /* ContentView.swift */; };
		AB668C31244B781800FF325D /* Assets.xcassets in Resources */ = {isa = PBXBuildFile; fileRef = AB668C30244B781800FF325D /* Assets.xcassets */; };
		AB668C34244B781800FF325D /* Preview Assets.xcassets in Resources */ = {isa = PBXBuildFile; fileRef = AB668C33244B781800FF325D /* Preview Assets.xcassets */; };
		AB668C37244B781800FF325D /* LaunchScreen.storyboard in Resources */ = {isa = PBXBuildFile; fileRef = AB668C35244B781800FF325D /* LaunchScreen.storyboard */; };
/* End PBXBuildFile section */

/* Begin PBXFileReference section */
		AB668C27244B781600FF325D /* WhatsApp4IPad.app */ = {isa = PBXFileReference; explicitFileType = wrapper.application; includeInIndex = 0; path = WhatsApp4IPad.app; sourceTree = BUILT_PRODUCTS_DIR; };
		AB668C2A244B781600FF325D /* AppDelegate.swift */ = {isa = PBXFileReference; lastKnownFileType = sourcecode.swift; path = AppDelegate.swift; sourceTree = "<group>"; };
		AB668C2C244B781600FF325D /* SceneDelegate.swift */ = {isa = PBXFileReference; lastKnownFileType = sourcecode.swift; path = SceneDelegate.swift; sourceTree = "<group>"; };
		AB668C2E244B781600FF325D /* ContentView.swift */ = {isa = PBXFileReference; lastKnownFileType = sourcecode.swift; path = ContentView.swift; sourceTree = "<group>"; };
		AB668C30244B781800FF325D /* Assets.xcassets */ = {isa = PBXFileReference; lastKnownFileType = folder.assetcatalog; path = Assets.xcassets; sourceTree = "<group>"; };
		AB668C33244B781800FF325D /* Preview Assets.xcassets */ = {isa = PBXFileReference; lastKnownFileType = folder.assetcatalog; path = "Preview Assets.xcassets"; sourceTree = "<group>"; };
		AB668C36244B781800FF325D /* Base */ = {isa = PBXFileReference; lastKnownFileType = file.storyboard; name = Base; path = Base.lproj/LaunchScreen.storyboard; sourceTree = "<group>"; };
		AB668C38244B781800FF325D /* Info.plist */ = {isa = PBXFileReference; lastKnownFileType = text.plist.xml; path = Info.plist; sourceTree = "<group>"; };
/* End PBXFileReference section */

/* Begin PBXFrameworksBuildPhase section */
		AB668C24244B781600FF325D /* Frameworks */ = {
			isa = PBXFrameworksBuildPhase;
			buildActionMask = 2147483647;
			files = (
			);
			runOnlyForDeploymentPostprocessing = 0;
		};
/* End PBXFrameworksBuildPhase section */

/* Begin PBXGroup section */
		AB668C1E244B781600FF325D = {
			isa = PBXGroup;
			children = (
				AB668C29244B781600FF325D /* WhatsApp4IPad */,
				AB668C28244B781600FF325D /* Products */,
			);
			sourceTree = "<group>";
		};
		AB668C28244B781600FF325D /* Products */ = {
			isa = PBXGroup;
			children = (
				AB668C27244B781600FF325D /* WhatsApp4IPad.app */,
			);
			name = Products;
			sourceTree = "<group>";
		};
		AB668C29244B781600FF325D /* WhatsApp4IPad */ = {
			isa = PBXGroup;
			children = (
				AB668C2A244B781600FF325D /* AppDelegate.swift */,
				AB668C2C244B781600FF325D /* SceneDelegate.swift */,
				AB668C2E244B781600FF325D /* ContentView.swift */,
				AB668C30244B781800FF325D /* Assets.xcassets */,
				AB668C35244B781800FF325D /* LaunchScreen.storyboard */,
				AB668C38244B781800FF325D /* Info.plist */,
				AB668C32244B781800FF325D /* Preview Content */,
			);
			path = WhatsApp4IPad;
			sourceTree = "<group>";
		};
		AB668C32244B781800FF325D /* Preview Content */ = {
			isa = PBXGroup;
			children = (
				AB668C33244B781800FF325D /* Preview Assets.xcassets */,
			);
			path = "Preview Content";
			sourceTree = "<group>";
		};
/* End PBXGroup section */

/* Begin PBXNativeTarget section */
		AB668C26244B781600FF325D /* WhatsApp4IPad */ = {
			isa = PBXNativeTarget;
			buildConfigurationList = AB668C3B244B781800FF325D /* Build configuration list for PBXNativeTarget "WhatsApp4IPad" */;
			buildPhases = (
				AB668C23244B781600FF325D /* Sources */,
				AB668C24244B781600FF325D /* Frameworks */,
				AB668C25244B781600FF325D /* Resources */,
			);
			buildRules = (
			);
			dependencies = (
			);
			name = WhatsApp4IPad;
			productName = WhatsApp4IPad;
			productReference = AB668C27244B781600FF325D /* WhatsApp4IPad.app */;
			productType = "com.apple.product-type.application";
		};
/* End PBXNativeTarget section */

/* Begin PBXProject section */
		AB668C1F244B781600FF325D /* Project object */ = {
			isa = PBXProject;
			attributes = {
				LastSwiftUpdateCheck = 1140;
				LastUpgradeCheck = 1140;
				ORGANIZATIONNAME = "Can Citoglu";
				TargetAttributes = {
					AB668C26244B781600FF325D = {
						CreatedOnToolsVersion = 11.4;
					};
				};
			};
			buildConfigurationList = AB668C22244B781600FF325D /* Build configuration list for PBXProject "WhatsApp4IPad" */;
			compatibilityVersion = "Xcode 9.3";
			developmentRegion = en;
			hasScannedForEncodings = 0;
			knownRegions = (
				en,
				Base,
			);
			mainGroup = AB668C1E244B781600FF325D;
			productRefGroup = AB668C28244B781600FF325D /* Products */;
			projectDirPath = "";
			projectRoot = "";
			targets = (
				AB668C26244B781600FF325D /* WhatsApp4IPad */,
			);
		};
/* End PBXProject section */

/* Begin PBXResourcesBuildPhase section */
		AB668C25244B781600FF325D /* Resources */ = {
			isa = PBXResourcesBuildPhase;
			buildActionMask = 2147483647;
			files = (
				AB668C37244B781800FF325D /* LaunchScreen.storyboard in Resources */,
				AB668C34244B781800FF325D /* Preview Assets.xcassets in Resources */,
				AB668C31244B781800FF325D /* Assets.xcassets in Resources */,
			);
			runOnlyForDeploymentPostprocessing = 0;
		};
/* End PBXResourcesBuildPhase section */

/* Begin PBXSourcesBuildPhase section */
		AB668C23244B781600FF325D /* Sources */ = {
			isa = PBXSourcesBuildPhase;
			buildActionMask = 2147483647;
			files = (
				AB668C2B244B781600FF325D /* AppDelegate.swift in Sources */,
				AB668C2D244B781600FF325D /* SceneDelegate.swift in Sources */,
				AB668C2F244B781600FF325D /* ContentView.swift in Sources */,
			);
			runOnlyForDeploymentPostprocessing = 0;
		};
/* End PBXSourcesBuildPhase section */

/* Begin PBXVariantGroup section */
		AB668C35244B781800FF325D /* LaunchScreen.storyboard */ = {
			isa = PBXVariantGroup;
			children = (
				AB668C36244B781800FF325D /* Base */,
			);
			name = LaunchScreen.storyboard;
			sourceTree = "<group>";
		};
/* End PBXVariantGroup section */

/* Begin XCBuildConfiguration section */
		AB668C39244B781800FF325D /* Debug */ = {
			isa = XCBuildConfiguration;
			buildSettings = {
				ALWAYS_SEARCH_USER_PATHS = NO;
				CLANG_ANALYZER_NONNULL = YES;
				CLANG_ANALYZER_NUMBER_OBJECT_CONVERSION = YES_AGGRESSIVE;
				CLANG_CXX_LANGUAGE_STANDARD = "gnu++14";
				CLANG_CXX_LIBRARY = "libc++";
				CLANG_ENABLE_MODULES = YES;
				CLANG_ENABLE_OBJC_ARC = YES;
				CLANG_ENABLE_OBJC_WEAK = YES;
				CLANG_WARN_BLOCK_CAPTURE_AUTORELEASING = YES;
				CLANG_WARN_BOOL_CONVERSION = YES;
				CLANG_WARN_COMMA = YES;
				CLANG_WARN_CONSTANT_CONVERSION = YES;
				CLANG_WARN_DEPRECATED_OBJC_IMPLEMENTATIONS = YES;
				CLANG_WARN_DIRECT_OBJC_ISA_USAGE = YES_ERROR;
				CLANG_WARN_DOCUMENTATION_COMMENTS = YES;
				CLANG_WARN_EMPTY_BODY = YES;
				CLANG_WARN_ENUM_CONVERSION = YES;
				CLANG_WARN_INFINITE_RECURSION = YES;
				CLANG_WARN_INT_CONVERSION = YES;
				CLANG_WARN_NON_LITERAL_NULL_CONVERSION = YES;
				CLANG_WARN_OBJC_IMPLICIT_RETAIN_SELF = YES;
				CLANG_WARN_OBJC_LITERAL_CONVERSION = YES;
				CLANG_WARN_OBJC_ROOT_CLASS = YES_ERROR;
				CLANG_WARN_RANGE_LOOP_ANALYSIS = YES;
				CLANG_WARN_STRICT_PROTOTYPES = YES;
				CLANG_WARN_SUSPICIOUS_MOVE = YES;
				CLANG_WARN_UNGUARDED_AVAILABILITY = YES_AGGRESSIVE;
				CLANG_WARN_UNREACHABLE_CODE = YES;
				CLANG_WARN__DUPLICATE_METHOD_MATCH = YES;
				COPY_PHASE_STRIP = NO;
				DEBUG_INFORMATION_FORMAT = dwarf;
				ENABLE_STRICT_OBJC_MSGSEND = YES;
				ENABLE_TESTABILITY = YES;
				GCC_C_LANGUAGE_STANDARD = gnu11;
				GCC_DYNAMIC_NO_PIC = NO;
				GCC_NO_COMMON_BLOCKS = YES;
				GCC_OPTIMIZATION_LEVEL = 0;
				GCC_PREPROCESSOR_DEFINITIONS = (
					"DEBUG=1",
					"$(inherited)",
				);
				GCC_WARN_64_TO_32_BIT_CONVERSION = YES;
				GCC_WARN_ABOUT_RETURN_TYPE = YES_ERROR;
				GCC_WARN_UNDECLARED_SELECTOR = YES;
				GCC_WARN_UNINITIALIZED_AUTOS = YES_AGGRESSIVE;
				GCC_WARN_UNUSED_FUNCTION = YES;
				GCC_WARN_UNUSED_VARIABLE = YES;
				IPHONEOS_DEPLOYMENT_TARGET = 13.4;
				MTL_ENABLE_DEBUG_INFO = INCLUDE_SOURCE;
				MTL_FAST_MATH = YES;
				ONLY_ACTIVE_ARCH = YES;
				SDKROOT = iphoneos;
				SWIFT_ACTIVE_COMPILATION_CONDITIONS = DEBUG;
				SWIFT_OPTIMIZATION_LEVEL = "-Onone";
			};
			name = Debug;
		};
		AB668C3A244B781800FF325D /* Release */ = {
			isa = XCBuildConfiguration;
			buildSettings = {
				ALWAYS_SEARCH_USER_PATHS = NO;
				CLANG_ANALYZER_NONNULL = YES;
				CLANG_ANALYZER_NUMBER_OBJECT_CONVERSION = YES_AGGRESSIVE;
				CLANG_CXX_LANGUAGE_STANDARD = "gnu++14";
				CLANG_CXX_LIBRARY = "libc++";
				CLANG_ENABLE_MODULES = YES;
				CLANG_ENABLE_OBJC_ARC = YES;
				CLANG_ENABLE_OBJC_WEAK = YES;
				CLANG_WARN_BLOCK_CAPTURE_AUTORELEASING = YES;
				CLANG_WARN_BOOL_CONVERSION = YES;
				CLANG_WARN_COMMA = YES;
				CLANG_WARN_CONSTANT_CONVERSION = YES;
				CLANG_WARN_DEPRECATED_OBJC_IMPLEMENTATIONS = YES;
				CLANG_WARN_DIRECT_OBJC_ISA_USAGE = YES_ERROR;
				CLANG_WARN_DOCUMENTATION_COMMENTS = YES;
				CLANG_WARN_EMPTY_BODY = YES;
				CLANG_WARN_ENUM_CONVERSION = YES;
				CLANG_WARN_INFINITE_RECURSION = YES;
				CLANG_WARN_INT_CONVERSION = YES;
				CLANG_WARN_NON_LITERAL_NULL_CONVERSION = YES;
				CLANG_WARN_OBJC_IMPLICIT_RETAIN_SELF = YES;
				CLANG_WARN_OBJC_LITERAL_CONVERSION = YES;
				CLANG_WARN_OBJC_ROOT_CLASS = YES_ERROR;
				CLANG_WARN_RANGE_LOOP_ANALYSIS = YES;
				CLANG_WARN_STRICT_PROTOTYPES = YES;
				CLANG_WARN_SUSPICIOUS_MOVE = YES;
				CLANG_WARN_UNGUARDED_AVAILABILITY = YES_AGGRESSIVE;
				CLANG_WARN_UNREACHABLE_CODE = YES;
				CLANG_WARN__DUPLICATE_METHOD_MATCH = YES;
				COPY_PHASE_STRIP = NO;
				DEBUG_INFORMATION_FORMAT = "dwarf-with-dsym";
				ENABLE_NS_ASSERTIONS = NO;
				ENABLE_STRICT_OBJC_MSGSEND = YES;
				GCC_C_LANGUAGE_STANDARD = gnu11;
				GCC_NO_COMMON_BLOCKS = YES;
				GCC_WARN_64_TO_32_BIT_CONVERSION = YES;
				GCC_WARN_ABOUT_RETURN_TYPE = YES_ERROR;
				GCC_WARN_UNDECLARED_SELECTOR = YES;
				GCC_WARN_UNINITIALIZED_AUTOS = YES_AGGRESSIVE;
				GCC_WARN_UNUSED_FUNCTION = YES;
				GCC_WARN_UNUSED_VARIABLE = YES;
				IPHONEOS_DEPLOYMENT_TARGET = 13.4;
				MTL_ENABLE_DEBUG_INFO = NO;
				MTL_FAST_MATH = YES;
				SDKROOT = iphoneos;
				SWIFT_COMPILATION_MODE = wholemodule;
				SWIFT_OPTIMIZATION_LEVEL = "-O";
				VALIDATE_PRODUCT = YES;
			};
			name = Release;
		};
		AB668C3C244B781800FF325D /* Debug */ = {
			isa = XCBuildConfiguration;
			buildSettings = {
				ASSETCATALOG_COMPILER_APPICON_NAME = AppIcon;
				CODE_SIGN_STYLE = Automatic;
				DEVELOPMENT_ASSET_PATHS = "\"WhatsApp4IPad/Preview Content\"";
				DEVELOPMENT_TEAM = 94LUT6L3Q4;
				ENABLE_PREVIEWS = YES;
				INFOPLIST_FILE = WhatsApp4IPad/Info.plist;
				LD_RUNPATH_SEARCH_PATHS = (
					"$(inherited)",
					"@executable_path/Frameworks",
				);
				PRODUCT_BUNDLE_IDENTIFIER = cancit.WhatsApp4IPad;
				PRODUCT_NAME = "$(TARGET_NAME)";
				SWIFT_VERSION = 5.0;
				TARGETED_DEVICE_FAMILY = "1,2";
			};
			name = Debug;
		};
		AB668C3D244B781800FF325D /* Release */ = {
			isa = XCBuildConfiguration;
			buildSettings = {
				ASSETCATALOG_COMPILER_APPICON_NAME = AppIcon;
				CODE_SIGN_STYLE = Automatic;
				DEVELOPMENT_ASSET_PATHS = "\"WhatsApp4IPad/Preview Content\"";
				DEVELOPMENT_TEAM = 94LUT6L3Q4;
				ENABLE_PREVIEWS = YES;
				INFOPLIST_FILE = WhatsApp4IPad/Info.plist;
				LD_RUNPATH_SEARCH_PATHS = (
					"$(inherited)",
					"@executable_path/Frameworks",
				);
				PRODUCT_BUNDLE_IDENTIFIER = cancit.WhatsApp4IPad;
				PRODUCT_NAME = "$(TARGET_NAME)";
				SWIFT_VERSION = 5.0;
				TARGETED_DEVICE_FAMILY = "1,2";
			};
			name = Release;
		};
/* End XCBuildConfiguration section */

/* Begin XCConfigurationList section */
		AB668C22244B781600FF325D /* Build configuration list for PBXProject "WhatsApp4IPad" */ = {
			isa = XCConfigurationList;
			buildConfigurations = (
				AB668C39244B781800FF325D /* Debug */,
				AB668C3A244B781800FF325D /* Release */,
			);
			defaultConfigurationIsVisible = 0;
			defaultConfigurationName = Release;
		};
		AB668C3B244B781800FF325D /* Build configuration list for PBXNativeTarget "WhatsApp4IPad" */ = {
			isa = XCConfigurationList;
			buildConfigurations = (
				AB668C3C244B781800FF325D /* Debug */,
				AB668C3D244B781800FF325D /* Release */,
			);
			defaultConfigurationIsVisible = 0;
			defaultConfigurationName = Release;
		};
/* End XCConfigurationList section */
	};
	rootObject = AB668C1F244B781600FF325D /* Project object */;
}
